{
  "sha": "b7d5bda18ccfaffe88a7b547420c670b8f922ff1",
  "sources": {
    "my_cookbook": {
      "path": "."
    },
    "chef-client": {
      "locked_version": "3.0.4"
    },
    "cron": {
      "locked_version": "1.2.4"
    },
    "apt": {
      "locked_version": "2.0.0"
    },
    "ntp": {
      "locked_version": "1.3.2"
    }
  }
}
